
Microsoft Visual Studio Solution File, Format Version 12.00
# Visual Studio Version 17
VisualStudioVersion = 17.5.002.0
MinimumVisualStudioVersion = 10.0.40219.1
Project("{9A19103F-16F7-4668-BE54-9A1E7A4F7556}") = "BlazorAppExcel", "BlazorAppExcel.csproj", "{B5CBFDA7-F24F-4587-BD88-E50F02719691}"
EndProject
Project("{FAE04EC0-301F-11D3-BF4B-00C04F79EFBC}") = "BlazorAppExcel.API", "..\BlazorAppExcel.API\BlazorAppExcel.API.csproj", "{D2A9DB73-F42F-4D6C-A89B-F41B2497AAA6}"
EndProject
Project("{FAE04EC0-301F-11D3-BF4B-00C04F79EFBC}") = "BlazorAppExcel.Share", "..\BlazorAppExcel.Share\BlazorAppExcel.Share.csproj", "{5C428310-C538-4586-BF27-8D387269E09B}"
EndProject
Global
	GlobalSection(SolutionConfigurationPlatforms) = preSolution
		Debug|Any CPU = Debug|Any CPU
		Release|Any CPU = Release|Any CPU
	EndGlobalSection
	GlobalSection(ProjectConfigurationPlatforms) = postSolution
		{B5CBFDA7-F24F-4587-BD88-E50F02719691}.Debug|Any CPU.ActiveCfg = Debug|Any CPU
		{B5CBFDA7-F24F-4587-BD88-E50F02719691}.Debug|Any CPU.Build.0 = Debug|Any CPU
		{B5CBFDA7-F24F-4587-BD88-E50F02719691}.Release|Any CPU.ActiveCfg = Release|Any CPU
		{B5CBFDA7-F24F-4587-BD88-E50F02719691}.Release|Any CPU.Build.0 = Release|Any CPU
		{D2A9DB73-F42F-4D6C-A89B-F41B2497AAA6}.Debug|Any CPU.ActiveCfg = Debug|Any CPU
		{D2A9DB73-F42F-4D6C-A89B-F41B2497AAA6}.Debug|Any CPU.Build.0 = Debug|Any CPU
		{D2A9DB73-F42F-4D6C-A89B-F41B2497AAA6}.Release|Any CPU.ActiveCfg = Release|Any CPU
		{D2A9DB73-F42F-4D6C-A89B-F41B2497AAA6}.Release|Any CPU.Build.0 = Release|Any CPU
		{5C428310-C538-4586-BF27-8D387269E09B}.Debug|Any CPU.ActiveCfg = Debug|Any CPU
		{5C428310-C538-4586-BF27-8D387269E09B}.Debug|Any CPU.Build.0 = Debug|Any CPU
		{5C428310-C538-4586-BF27-8D387269E09B}.Release|Any CPU.ActiveCfg = Release|Any CPU
		{5C428310-C538-4586-BF27-8D387269E09B}.Release|Any CPU.Build.0 = Release|Any CPU
	EndGlobalSection
	GlobalSection(SolutionProperties) = preSolution
		HideSolutionNode = FALSE
	EndGlobalSection
	GlobalSection(ExtensibilityGlobals) = postSolution
		SolutionGuid = {0B28FCBE-6C98-4D15-8CA2-B7ECF9F0F0E7}
	EndGlobalSection
EndGlobal
